
Microsoft Visual Studio Solution File, Format Version 12.00
# Visual Studio Version 17
VisualStudioVersion = 17.10.35027.167
MinimumVisualStudioVersion = 10.0.40219.1
Project("{FAE04EC0-301F-11D3-BF4B-00C04F79EFBC}") = "Shelterudlejningssystemet", "Shelterudlejningssystemet\Shelterudlejningssystemet.csproj", "{DEA662F2-A3BC-4185-9868-AB506968A184}"
EndProject
Global
	GlobalSection(SolutionConfigurationPlatforms) = preSolution
		Debug|Any CPU = Debug|Any CPU
		Release|Any CPU = Release|Any CPU
	EndGlobalSection
	GlobalSection(ProjectConfigurationPlatforms) = postSolution
		{DEA662F2-A3BC-4185-9868-AB506968A184}.Debug|Any CPU.ActiveCfg = Debug|Any CPU
		{DEA662F2-A3BC-4185-9868-AB506968A184}.Debug|Any CPU.Build.0 = Debug|Any CPU
		{DEA662F2-A3BC-4185-9868-AB506968A184}.Release|Any CPU.ActiveCfg = Release|Any CPU
		{DEA662F2-A3BC-4185-9868-AB506968A184}.Release|Any CPU.Build.0 = Release|Any CPU
	EndGlobalSection
	GlobalSection(SolutionProperties) = preSolution
		HideSolutionNode = FALSE
	EndGlobalSection
	GlobalSection(ExtensibilityGlobals) = postSolution
		SolutionGuid = {8A93BF33-F432-414C-8CD8-6D635E4921D1}
	EndGlobalSection
EndGlobal
